
Microsoft Visual Studio Solution File, Format Version 12.00
# Visual Studio Version 16
VisualStudioVersion = 16.0.30114.105
MinimumVisualStudioVersion = 10.0.40219.1
Project("{9A19103F-16F7-4668-BE54-9A1E7A4F7556}") = "app1", "app1\app1.csproj", "{620B8E68-ED1B-4C48-AAAC-37C3A1D5A832}"
EndProject
Project("{FAE04EC0-301F-11D3-BF4B-00C04F79EFBC}") = "car", "car\car.csproj", "{32FAD096-826C-41ED-ADCD-02A9982F5F3B}"
EndProject
Global
	GlobalSection(SolutionConfigurationPlatforms) = preSolution
		Debug|Any CPU = Debug|Any CPU
		Release|Any CPU = Release|Any CPU
	EndGlobalSection
	GlobalSection(ProjectConfigurationPlatforms) = postSolution
		{620B8E68-ED1B-4C48-AAAC-37C3A1D5A832}.Debug|Any CPU.ActiveCfg = Debug|Any CPU
		{620B8E68-ED1B-4C48-AAAC-37C3A1D5A832}.Debug|Any CPU.Build.0 = Debug|Any CPU
		{620B8E68-ED1B-4C48-AAAC-37C3A1D5A832}.Release|Any CPU.ActiveCfg = Release|Any CPU
		{620B8E68-ED1B-4C48-AAAC-37C3A1D5A832}.Release|Any CPU.Build.0 = Release|Any CPU
		{32FAD096-826C-41ED-ADCD-02A9982F5F3B}.Debug|Any CPU.ActiveCfg = Debug|Any CPU
		{32FAD096-826C-41ED-ADCD-02A9982F5F3B}.Debug|Any CPU.Build.0 = Debug|Any CPU
		{32FAD096-826C-41ED-ADCD-02A9982F5F3B}.Release|Any CPU.ActiveCfg = Release|Any CPU
		{32FAD096-826C-41ED-ADCD-02A9982F5F3B}.Release|Any CPU.Build.0 = Release|Any CPU
	EndGlobalSection
	GlobalSection(SolutionProperties) = preSolution
		HideSolutionNode = FALSE
	EndGlobalSection
	GlobalSection(ExtensibilityGlobals) = postSolution
		SolutionGuid = {F35F7DC0-8118-4D44-A994-9551F758E4DE}
	EndGlobalSection
EndGlobal
